
Microsoft Visual Studio Solution File, Format Version 12.00
# Visual Studio Version 17
VisualStudioVersion = 17.5.33502.453
MinimumVisualStudioVersion = 10.0.40219.1
Project("{8BC9CEB8-8B4A-11D0-8D11-00A0C91BC942}") = "202_pointer", "202_pointer\202_pointer.vcxproj", "{83007E16-E54E-4805-984B-C35E5D9CEAE3}"
EndProject
Project("{8BC9CEB8-8B4A-11D0-8D11-00A0C91BC942}") = "202_pointer1", "202_pointer1\202_pointer1.vcxproj", "{4BED751B-B784-4A47-B890-C751FF50A716}"
EndProject
Project("{8BC9CEB8-8B4A-11D0-8D11-00A0C91BC942}") = "202_pointer2", "202_pointer2\202_pointer2.vcxproj", "{2D5171F0-7175-455D-BC63-BE3231AA86A1}"
EndProject
Global
	GlobalSection(SolutionConfigurationPlatforms) = preSolution
		Debug|x64 = Debug|x64
		Debug|x86 = Debug|x86
		Release|x64 = Release|x64
		Release|x86 = Release|x86
	EndGlobalSection
	GlobalSection(ProjectConfigurationPlatforms) = postSolution
		{83007E16-E54E-4805-984B-C35E5D9CEAE3}.Debug|x64.ActiveCfg = Debug|x64
		{83007E16-E54E-4805-984B-C35E5D9CEAE3}.Debug|x64.Build.0 = Debug|x64
		{83007E16-E54E-4805-984B-C35E5D9CEAE3}.Debug|x86.ActiveCfg = Debug|Win32
		{83007E16-E54E-4805-984B-C35E5D9CEAE3}.Debug|x86.Build.0 = Debug|Win32
		{83007E16-E54E-4805-984B-C35E5D9CEAE3}.Release|x64.ActiveCfg = Release|x64
		{83007E16-E54E-4805-984B-C35E5D9CEAE3}.Release|x64.Build.0 = Release|x64
		{83007E16-E54E-4805-984B-C35E5D9CEAE3}.Release|x86.ActiveCfg = Release|Win32
		{83007E16-E54E-4805-984B-C35E5D9CEAE3}.Release|x86.Build.0 = Release|Win32
		{4BED751B-B784-4A47-B890-C751FF50A716}.Debug|x64.ActiveCfg = Debug|x64
		{4BED751B-B784-4A47-B890-C751FF50A716}.Debug|x64.Build.0 = Debug|x64
		{4BED751B-B784-4A47-B890-C751FF50A716}.Debug|x86.ActiveCfg = Debug|Win32
		{4BED751B-B784-4A47-B890-C751FF50A716}.Debug|x86.Build.0 = Debug|Win32
		{4BED751B-B784-4A47-B890-C751FF50A716}.Release|x64.ActiveCfg = Release|x64
		{4BED751B-B784-4A47-B890-C751FF50A716}.Release|x64.Build.0 = Release|x64
		{4BED751B-B784-4A47-B890-C751FF50A716}.Release|x86.ActiveCfg = Release|Win32
		{4BED751B-B784-4A47-B890-C751FF50A716}.Release|x86.Build.0 = Release|Win32
		{2D5171F0-7175-455D-BC63-BE3231AA86A1}.Debug|x64.ActiveCfg = Debug|x64
		{2D5171F0-7175-455D-BC63-BE3231AA86A1}.Debug|x64.Build.0 = Debug|x64
		{2D5171F0-7175-455D-BC63-BE3231AA86A1}.Debug|x86.ActiveCfg = Debug|Win32
		{2D5171F0-7175-455D-BC63-BE3231AA86A1}.Debug|x86.Build.0 = Debug|Win32
		{2D5171F0-7175-455D-BC63-BE3231AA86A1}.Release|x64.ActiveCfg = Release|x64
		{2D5171F0-7175-455D-BC63-BE3231AA86A1}.Release|x64.Build.0 = Release|x64
		{2D5171F0-7175-455D-BC63-BE3231AA86A1}.Release|x86.ActiveCfg = Release|Win32
		{2D5171F0-7175-455D-BC63-BE3231AA86A1}.Release|x86.Build.0 = Release|Win32
	EndGlobalSection
	GlobalSection(SolutionProperties) = preSolution
		HideSolutionNode = FALSE
	EndGlobalSection
	GlobalSection(ExtensibilityGlobals) = postSolution
		SolutionGuid = {DA217AB8-F463-4DDC-824B-6486964BE434}
	EndGlobalSection
EndGlobal
